
Microsoft Visual Studio Solution File, Format Version 12.00
# Visual Studio 15
VisualStudioVersion = 15.0.27004.2010
MinimumVisualStudioVersion = 10.0.40219.1
Project("{FAE04EC0-301F-11D3-BF4B-00C04F79EFBC}") = "PamSolution", "PamSolution\PamSolution.csproj", "{C5DC9C2F-8A24-4908-BD72-5C7529F02CC2}"
EndProject
Global
	GlobalSection(SolutionConfigurationPlatforms) = preSolution
		Debug|Any CPU = Debug|Any CPU
		Release|Any CPU = Release|Any CPU
	EndGlobalSection
	GlobalSection(ProjectConfigurationPlatforms) = postSolution
		{C5DC9C2F-8A24-4908-BD72-5C7529F02CC2}.Debug|Any CPU.ActiveCfg = Debug|Any CPU
		{C5DC9C2F-8A24-4908-BD72-5C7529F02CC2}.Debug|Any CPU.Build.0 = Debug|Any CPU
		{C5DC9C2F-8A24-4908-BD72-5C7529F02CC2}.Release|Any CPU.ActiveCfg = Release|Any CPU
		{C5DC9C2F-8A24-4908-BD72-5C7529F02CC2}.Release|Any CPU.Build.0 = Release|Any CPU
	EndGlobalSection
	GlobalSection(SolutionProperties) = preSolution
		HideSolutionNode = FALSE
	EndGlobalSection
	GlobalSection(ExtensibilityGlobals) = postSolution
		SolutionGuid = {F20B014D-6E60-4042-BBD7-8D0632E18C21}
	EndGlobalSection
EndGlobal
